
Microsoft Visual Studio Solution File, Format Version 12.00
# Visual Studio Version 17
VisualStudioVersion = 17.4.33122.133
MinimumVisualStudioVersion = 10.0.40219.1
Project("{9A19103F-16F7-4668-BE54-9A1E7A4F7556}") = "PZ_8", "PZ_8\PZ_8.csproj", "{8E29E5EC-DCE2-4EE7-B194-FC413BA14AD9}"
EndProject
Project("{FAE04EC0-301F-11D3-BF4B-00C04F79EFBC}") = "Task_56", "Task_56\Task_56.csproj", "{00072040-9C6B-46B3-AAAB-19032E24CAE5}"
EndProject
Project("{FAE04EC0-301F-11D3-BF4B-00C04F79EFBC}") = "Task_58", "Task_58\Task_58.csproj", "{2EBC3B96-FD3C-49AA-98B6-242EBEFCE41A}"
EndProject
Project("{FAE04EC0-301F-11D3-BF4B-00C04F79EFBC}") = "Task_62", "Task_62\Task_62.csproj", "{ED604BC4-AE30-4DC9-9EAF-245571B5D91C}"
EndProject
Global
	GlobalSection(SolutionConfigurationPlatforms) = preSolution
		Debug|Any CPU = Debug|Any CPU
		Release|Any CPU = Release|Any CPU
	EndGlobalSection
	GlobalSection(ProjectConfigurationPlatforms) = postSolution
		{8E29E5EC-DCE2-4EE7-B194-FC413BA14AD9}.Debug|Any CPU.ActiveCfg = Debug|Any CPU
		{8E29E5EC-DCE2-4EE7-B194-FC413BA14AD9}.Debug|Any CPU.Build.0 = Debug|Any CPU
		{8E29E5EC-DCE2-4EE7-B194-FC413BA14AD9}.Release|Any CPU.ActiveCfg = Release|Any CPU
		{8E29E5EC-DCE2-4EE7-B194-FC413BA14AD9}.Release|Any CPU.Build.0 = Release|Any CPU
		{00072040-9C6B-46B3-AAAB-19032E24CAE5}.Debug|Any CPU.ActiveCfg = Debug|Any CPU
		{00072040-9C6B-46B3-AAAB-19032E24CAE5}.Debug|Any CPU.Build.0 = Debug|Any CPU
		{00072040-9C6B-46B3-AAAB-19032E24CAE5}.Release|Any CPU.ActiveCfg = Release|Any CPU
		{00072040-9C6B-46B3-AAAB-19032E24CAE5}.Release|Any CPU.Build.0 = Release|Any CPU
		{2EBC3B96-FD3C-49AA-98B6-242EBEFCE41A}.Debug|Any CPU.ActiveCfg = Debug|Any CPU
		{2EBC3B96-FD3C-49AA-98B6-242EBEFCE41A}.Debug|Any CPU.Build.0 = Debug|Any CPU
		{2EBC3B96-FD3C-49AA-98B6-242EBEFCE41A}.Release|Any CPU.ActiveCfg = Release|Any CPU
		{2EBC3B96-FD3C-49AA-98B6-242EBEFCE41A}.Release|Any CPU.Build.0 = Release|Any CPU
		{ED604BC4-AE30-4DC9-9EAF-245571B5D91C}.Debug|Any CPU.ActiveCfg = Debug|Any CPU
		{ED604BC4-AE30-4DC9-9EAF-245571B5D91C}.Debug|Any CPU.Build.0 = Debug|Any CPU
		{ED604BC4-AE30-4DC9-9EAF-245571B5D91C}.Release|Any CPU.ActiveCfg = Release|Any CPU
		{ED604BC4-AE30-4DC9-9EAF-245571B5D91C}.Release|Any CPU.Build.0 = Release|Any CPU
	EndGlobalSection
	GlobalSection(SolutionProperties) = preSolution
		HideSolutionNode = FALSE
	EndGlobalSection
	GlobalSection(ExtensibilityGlobals) = postSolution
		SolutionGuid = {A1C85DDB-D357-4820-9E2C-C49BD356A174}
	EndGlobalSection
EndGlobal
